
Microsoft Visual Studio Solution File, Format Version 12.00
Project("{FAE04EC0-301F-11D3-BF4B-00C04F79EFBC}") = "HandinDatabases", "HandinDatabases\HandinDatabases.csproj", "{07E93213-7543-4000-987C-6CBF5F34B993}"
EndProject
Global
	GlobalSection(SolutionConfigurationPlatforms) = preSolution
		Debug|Any CPU = Debug|Any CPU
		Release|Any CPU = Release|Any CPU
	EndGlobalSection
	GlobalSection(ProjectConfigurationPlatforms) = postSolution
		{07E93213-7543-4000-987C-6CBF5F34B993}.Debug|Any CPU.ActiveCfg = Debug|Any CPU
		{07E93213-7543-4000-987C-6CBF5F34B993}.Debug|Any CPU.Build.0 = Debug|Any CPU
		{07E93213-7543-4000-987C-6CBF5F34B993}.Release|Any CPU.ActiveCfg = Release|Any CPU
		{07E93213-7543-4000-987C-6CBF5F34B993}.Release|Any CPU.Build.0 = Release|Any CPU
	EndGlobalSection
EndGlobal
